Microsoft Visual Studio Solution File, Format Version 12.00
# Visual Studio Version 17
VisualStudioVersion = 17.5.2.0
MinimumVisualStudioVersion = 10.0.40219.1
Project("{FAE04EC0-301F-11D3-BF4B-00C04F79EFBC}") = "Secretmessage", "Secretmessage.csproj", "{479BBA51-C25D-49DC-3C37-15FB6215077D}"
EndProject
Global
	GlobalSection(SolutionConfigurationPlatforms) = preSolution
		Debug|Any CPU = Debug|Any CPU
		Release|Any CPU = Release|Any CPU
	EndGlobalSection
	GlobalSection(ProjectConfigurationPlatforms) = postSolution
		{479BBA51-C25D-49DC-3C37-15FB6215077D}.Debug|Any CPU.ActiveCfg = Debug|Any CPU
		{479BBA51-C25D-49DC-3C37-15FB6215077D}.Debug|Any CPU.Build.0 = Debug|Any CPU
		{479BBA51-C25D-49DC-3C37-15FB6215077D}.Release|Any CPU.ActiveCfg = Release|Any CPU
		{479BBA51-C25D-49DC-3C37-15FB6215077D}.Release|Any CPU.Build.0 = Release|Any CPU
	EndGlobalSection
	GlobalSection(SolutionProperties) = preSolution
		HideSolutionNode = FALSE
	EndGlobalSection
	GlobalSection(ExtensibilityGlobals) = postSolution
		SolutionGuid = {AC3B7B11-1860-44C2-9C0C-29697B34629F}
	EndGlobalSection
EndGlobal
